
Microsoft Visual Studio Solution File, Format Version 12.00
# Visual Studio 15
Project("{FAE04EC0-301F-11D3-BF4B-00C04F79EFBC}") = "2章理解度", "2章理解度1\2章理解度.csproj", "{12A33D50-F5BE-4384-ACA9-6838AAAFDB17}"
EndProject
Global
	GlobalSection(SolutionConfigurationPlatforms) = preSolution
		Debug|Any CPU = Debug|Any CPU
		Release|Any CPU = Release|Any CPU
	EndGlobalSection
	GlobalSection(ProjectConfigurationPlatforms) = postSolution
		{12A33D50-F5BE-4384-ACA9-6838AAAFDB17}.Debug|Any CPU.ActiveCfg = Debug|Any CPU
		{12A33D50-F5BE-4384-ACA9-6838AAAFDB17}.Debug|Any CPU.Build.0 = Debug|Any CPU
		{12A33D50-F5BE-4384-ACA9-6838AAAFDB17}.Release|Any CPU.ActiveCfg = Release|Any CPU
		{12A33D50-F5BE-4384-ACA9-6838AAAFDB17}.Release|Any CPU.Build.0 = Release|Any CPU
	EndGlobalSection
EndGlobal
